// !$*UTF8*$!
{
	archiveVersion = 1;
	classes = {
	};
	objectVersion = 110;
	objects = {

/* Begin PBXBuildFile section */
		82D9C3A13070FD7A00BBCA71 /* Sparkle in Frameworks */ = {isa = PBXBuildFile; productRef = 82D9C3A23070FD7A00BBCA71 /* Sparkle */; };
/* End PBXBuildFile section */

/* Begin PBXContainerItemProxy section */
		82D9C2F73070FD7A00BBCA71 /* PBXContainerItemProxy */ = {
			isa = PBXContainerItemProxy;
			containerPortal = 82D9C2CF3070FD7A00BBCA71 /* Project object */;
			proxyType = 1;
			remoteGlobalIDString = 82D9C2D63070FD7A00BBCA71;
			remoteInfo = thenotch;
		};
/* End PBXContainerItemProxy section */

/* Begin PBXFileReference section */
		82D9C2D73070FD7A00BBCA71 /* thenotch.app */ = {isa = PBXFileReference; explicitFileType = wrapper.application; includeInIndex = 0; path = thenotch.app; sourceTree = BUILT_PRODUCTS_DIR; };
		82D9C2F13070FD7A00BBCA71 /* thenotchTests.xctest */ = {isa = PBXFileReference; explicitFileType = wrapper.cfbundle; includeInIndex = 0; path = thenotchTests.xctest; sourceTree = BUILT_PRODUCTS_DIR; };
/* End PBXFileReference section */

/* Begin PBXFileSystemSynchronizedRootGroup section */
		82D9C2D93070FD7A00BBCA71 /* thenotch */ = {
			isa = PBXFileSystemSynchronizedRootGroup;
			path = thenotch;
			sourceTree = "<group>";
		};
		82D9C2F23070FD7A00BBCA71 /* thenotchTests */ = {
			isa = PBXFileSystemSynchronizedRootGroup;
			path = thenotchTests;
			sourceTree = "<group>";
		};
/* End PBXFileSystemSynchronizedRootGroup section */

/* Begin PBXFrameworksBuildPhase section */
		82D9C2D43070FD7A00BBCA71 /* Frameworks */ = {
			isa = PBXFrameworksBuildPhase;
			files = (
				82D9C3A13070FD7A00BBCA71 /* Sparkle in Frameworks */,
			);
		};
		82D9C2F33070FD7A00BBCA71 /* Frameworks */ = {
			isa = PBXFrameworksBuildPhase;
			files = (
			);
		};
/* End PBXFrameworksBuildPhase section */

/* Begin PBXGroup section */
		82D9C2CE3070FD7A00BBCA71 = {
			isa = PBXGroup;
			children = (
				82D9C2D93070FD7A00BBCA71 /* thenotch */,
				82D9C2F23070FD7A00BBCA71 /* thenotchTests */,
				82D9C2D83070FD7A00BBCA71 /* Products */,
			);
			sourceTree = "<group>";
		};
		82D9C2D83070FD7A00BBCA71 /* Products */ = {
			isa = PBXGroup;
			children = (
				82D9C2D73070FD7A00BBCA71 /* thenotch.app */,
				82D9C2F13070FD7A00BBCA71 /* thenotchTests.xctest */,
			);
			name = Products;
			sourceTree = "<group>";
		};
/* End PBXGroup section */

/* Begin PBXNativeTarget section */
		82D9C2D63070FD7A00BBCA71 /* thenotch */ = {
			isa = PBXNativeTarget;
			buildConfigurationList = 82D9C2E23070FD7A00BBCA71 /* Build configuration list for PBXNativeTarget "thenotch" */;
			buildPhases = (
				82D9C2D33070FD7A00BBCA71 /* Sources */,
				82D9C2D43070FD7A00BBCA71 /* Frameworks */,
				82D9C2D53070FD7A00BBCA71 /* Resources */,
			);
			buildRules = (
			);
			fileSystemSynchronizedGroups = (
				82D9C2D93070FD7A00BBCA71 /* thenotch */,
			);
			name = thenotch;
			packageProductDependencies = (
				82D9C3A23070FD7A00BBCA71 /* Sparkle */,
			);
			productName = thenotch;
			productReference = 82D9C2D73070FD7A00BBCA71 /* thenotch.app */;
			productType = "com.apple.product-type.application";
		};
		82D9C2F63070FD7A00BBCA71 /* thenotchTests */ = {
			isa = PBXNativeTarget;
			buildConfigurationList = 82D9C2FB3070FD7A00BBCA71 /* Build configuration list for PBXNativeTarget "thenotchTests" */;
			buildPhases = (
				82D9C2F43070FD7A00BBCA71 /* Sources */,
				82D9C2F33070FD7A00BBCA71 /* Frameworks */,
				82D9C2F53070FD7A00BBCA71 /* Resources */,
			);
			buildRules = (
			);
			dependencies = (
				82D9C2F83070FD7A00BBCA71 /* PBXTargetDependency */,
			);
			fileSystemSynchronizedGroups = (
				82D9C2F23070FD7A00BBCA71 /* thenotchTests */,
			);
			name = thenotchTests;
			productName = thenotchTests;
			productReference = 82D9C2F13070FD7A00BBCA71 /* thenotchTests.xctest */;
			productType = "com.apple.product-type.bundle.unit-test";
		};
/* End PBXNativeTarget section */

/* Begin PBXProject section */
		82D9C2CF3070FD7A00BBCA71 /* Project object */ = {
			isa = PBXProject;
			attributes = {
				BuildIndependentTargetsInParallel = 1;
				LastSwiftUpdateCheck = 2700;
				LastUpgradeCheck = 2700;
				TargetAttributes = {
					82D9C2D63070FD7A00BBCA71 = {
						CreatedOnToolsVersion = 27.0;
					};
					82D9C2F63070FD7A00BBCA71 = {
						CreatedOnToolsVersion = 27.0;
						TestTargetID = 82D9C2D63070FD7A00BBCA71;
					};
				};
			};
			buildConfigurationList = 82D9C2D23070FD7A00BBCA71 /* Build configuration list for PBXProject "thenotch" */;
			developmentRegion = en;
			hasScannedForEncodings = 0;
			knownRegions = (
				en,
				Base,
			);
			mainGroup = 82D9C2CE3070FD7A00BBCA71;
			minimizedProjectReferenceProxies = 1;
			packageReferences = (
				82D9C3A33070FD7A00BBCA71 /* XCRemoteSwiftPackageReference "Sparkle" */,
			);
			preferredProjectObjectVersion = 77;
			productRefGroup = 82D9C2D83070FD7A00BBCA71 /* Products */;
			projectDirPath = "";
			projectRoot = "";
			targets = (
				82D9C2D63070FD7A00BBCA71 /* thenotch */,
				82D9C2F63070FD7A00BBCA71 /* thenotchTests */,
			);
		};
/* End PBXProject section */

/* Begin PBXResourcesBuildPhase section */
		82D9C2D53070FD7A00BBCA71 /* Resources */ = {
			isa = PBXResourcesBuildPhase;
			files = (
			);
		};
		82D9C2F53070FD7A00BBCA71 /* Resources */ = {
			isa = PBXResourcesBuildPhase;
			files = (
			);
		};
/* End PBXResourcesBuildPhase section */

/* Begin PBXSourcesBuildPhase section */
		82D9C2D33070FD7A00BBCA71 /* Sources */ = {
			isa = PBXSourcesBuildPhase;
			files = (
			);
		};
		82D9C2F43070FD7A00BBCA71 /* Sources */ = {
			isa = PBXSourcesBuildPhase;
			files = (
			);
		};
/* End PBXSourcesBuildPhase section */

/* Begin PBXTargetDependency section */
		82D9C2F83070FD7A00BBCA71 /* PBXTargetDependency */ = {
			isa = PBXTargetDependency;
			target = 82D9C2D63070FD7A00BBCA71 /* thenotch */;
			targetProxy = 82D9C2F73070FD7A00BBCA71 /* PBXContainerItemProxy */;
		};
/* End PBXTargetDependency section */

/* Begin XCBuildConfiguration section */
		82D9C2E03070FD7A00BBCA71 /* Debug configuration for PBXProject "thenotch" */ = {
			isa = XCBuildConfiguration;
			buildSettings = {
				ALWAYS_SEARCH_USER_PATHS = NO;
				ASSETCATALOG_COMPILER_GENERATE_SWIFT_ASSET_SYMBOL_EXTENSIONS = YES;
				CLANG_ANALYZER_NONNULL = YES;
				CLANG_ANALYZER_NUMBER_OBJECT_CONVERSION = YES_AGGRESSIVE;
				CLANG_CXX_LANGUAGE_STANDARD = "gnu++20";
				CLANG_ENABLE_MODULES = YES;
				CLANG_ENABLE_OBJC_ARC = YES;
				CLANG_ENABLE_OBJC_WEAK = YES;
				CLANG_WARN_BLOCK_CAPTURE_AUTORELEASING = YES;
				CLANG_WARN_BOOL_CONVERSION = YES;
				CLANG_WARN_COMMA = YES;
				CLANG_WARN_CONSTANT_CONVERSION = YES;
				CLANG_WARN_DEPRECATED_OBJC_IMPLEMENTATIONS = YES;
				CLANG_WARN_DIRECT_OBJC_ISA_USAGE = YES_ERROR;
				CLANG_WARN_DOCUMENTATION_COMMENTS = YES;
				CLANG_WARN_EMPTY_BODY = YES;
				CLANG_WARN_ENUM_CONVERSION = YES;
				CLANG_WARN_INFINITE_RECURSION = YES;
				CLANG_WARN_INT_CONVERSION = YES;
				CLANG_WARN_NON_LITERAL_NULL_CONVERSION = YES;
				CLANG_WARN_OBJC_IMPLICIT_RETAIN_SELF = YES;
				CLANG_WARN_OBJC_LITERAL_CONVERSION = YES;
				CLANG_WARN_OBJC_ROOT_CLASS = YES_ERROR;
				CLANG_WARN_QUOTED_INCLUDE_IN_FRAMEWORK_HEADER = YES;
				CLANG_WARN_RANGE_LOOP_ANALYSIS = YES;
				CLANG_WARN_STRICT_PROTOTYPES = YES;
				CLANG_WARN_SUSPICIOUS_MOVE = YES;
				CLANG_WARN_UNGUARDED_AVAILABILITY = YES_AGGRESSIVE;
				CLANG_WARN_UNREACHABLE_CODE = YES;
				CLANG_WARN__DUPLICATE_METHOD_MATCH = YES;
				COPY_PHASE_STRIP = NO;
				DEAD_CODE_STRIPPING = YES;
				DEBUG_INFORMATION_FORMAT = dwarf;
				DEVELOPMENT_TEAM = K7ZAN9HJC9;
				ENABLE_STRICT_OBJC_MSGSEND = YES;
				ENABLE_TESTABILITY = YES;
				ENABLE_USER_SCRIPT_SANDBOXING = YES;
				GCC_C_LANGUAGE_STANDARD = gnu17;
				GCC_DYNAMIC_NO_PIC = NO;
				GCC_NO_COMMON_BLOCKS = YES;
				GCC_OPTIMIZATION_LEVEL = 0;
				GCC_PREPROCESSOR_DEFINITIONS = (
					"DEBUG=1",
					"$(inherited)",
				);
				GCC_WARN_64_TO_32_BIT_CONVERSION = YES;
				GCC_WARN_ABOUT_RETURN_TYPE = YES_ERROR;
				GCC_WARN_UNDECLARED_SELECTOR = YES;
				GCC_WARN_UNINITIALIZED_AUTOS = YES_AGGRESSIVE;
				GCC_WARN_UNUSED_FUNCTION = YES;
				GCC_WARN_UNUSED_VARIABLE = YES;
				LOCALIZATION_PREFERS_STRING_CATALOGS = YES;
				MACOSX_DEPLOYMENT_TARGET = 26.6;
				MTL_ENABLE_DEBUG_INFO = INCLUDE_SOURCE;
				MTL_FAST_MATH = YES;
				ONLY_ACTIVE_ARCH = YES;
				SDKROOT = macosx;
				SWIFT_ACTIVE_COMPILATION_CONDITIONS = "DEBUG $(inherited)";
				SWIFT_OPTIMIZATION_LEVEL = "-Onone";
			};
			name = Debug;
		};
		82D9C2E13070FD7A00BBCA71 /* Release configuration for PBXProject "thenotch" */ = {
			isa = XCBuildConfiguration;
			buildSettings = {
				ALWAYS_SEARCH_USER_PATHS = NO;
				ASSETCATALOG_COMPILER_GENERATE_SWIFT_ASSET_SYMBOL_EXTENSIONS = YES;
				CLANG_ANALYZER_NONNULL = YES;
				CLANG_ANALYZER_NUMBER_OBJECT_CONVERSION = YES_AGGRESSIVE;
				CLANG_CXX_LANGUAGE_STANDARD = "gnu++20";
				CLANG_ENABLE_MODULES = YES;
				CLANG_ENABLE_OBJC_ARC = YES;
				CLANG_ENABLE_OBJC_WEAK = YES;
				CLANG_WARN_BLOCK_CAPTURE_AUTORELEASING = YES;
				CLANG_WARN_BOOL_CONVERSION = YES;
				CLANG_WARN_COMMA = YES;
				CLANG_WARN_CONSTANT_CONVERSION = YES;
				CLANG_WARN_DEPRECATED_OBJC_IMPLEMENTATIONS = YES;
				CLANG_WARN_DIRECT_OBJC_ISA_USAGE = YES_ERROR;
				CLANG_WARN_DOCUMENTATION_COMMENTS = YES;
				CLANG_WARN_EMPTY_BODY = YES;
				CLANG_WARN_ENUM_CONVERSION = YES;
				CLANG_WARN_INFINITE_RECURSION = YES;
				CLANG_WARN_INT_CONVERSION = YES;
				CLANG_WARN_NON_LITERAL_NULL_CONVERSION = YES;
				CLANG_WARN_OBJC_IMPLICIT_RETAIN_SELF = YES;
				CLANG_WARN_OBJC_LITERAL_CONVERSION = YES;
				CLANG_WARN_OBJC_ROOT_CLASS = YES_ERROR;
				CLANG_WARN_QUOTED_INCLUDE_IN_FRAMEWORK_HEADER = YES;
				CLANG_WARN_RANGE_LOOP_ANALYSIS = YES;
				CLANG_WARN_STRICT_PROTOTYPES = YES;
				CLANG_WARN_SUSPICIOUS_MOVE = YES;
				CLANG_WARN_UNGUARDED_AVAILABILITY = YES_AGGRESSIVE;
				CLANG_WARN_UNREACHABLE_CODE = YES;
				CLANG_WARN__DUPLICATE_METHOD_MATCH = YES;
				COPY_PHASE_STRIP = NO;
				DEAD_CODE_STRIPPING = YES;
				DEBUG_INFORMATION_FORMAT = "dwarf-with-dsym";
				DEVELOPMENT_TEAM = K7ZAN9HJC9;
				ENABLE_NS_ASSERTIONS = NO;
				ENABLE_STRICT_OBJC_MSGSEND = YES;
				ENABLE_USER_SCRIPT_SANDBOXING = YES;
				GCC_C_LANGUAGE_STANDARD = gnu17;
				GCC_NO_COMMON_BLOCKS = YES;
				GCC_WARN_64_TO_32_BIT_CONVERSION = YES;
				GCC_WARN_ABOUT_RETURN_TYPE = YES_ERROR;
				GCC_WARN_UNDECLARED_SELECTOR = YES;
				GCC_WARN_UNINITIALIZED_AUTOS = YES_AGGRESSIVE;
				GCC_WARN_UNUSED_FUNCTION = YES;
				GCC_WARN_UNUSED_VARIABLE = YES;
				LOCALIZATION_PREFERS_STRING_CATALOGS = YES;
				MACOSX_DEPLOYMENT_TARGET = 26.6;
				MTL_ENABLE_DEBUG_INFO = NO;
				MTL_FAST_MATH = YES;
				SDKROOT = macosx;
				SWIFT_COMPILATION_MODE = wholemodule;
			};
			name = Release;
		};
		82D9C2E33070FD7A00BBCA71 /* Debug configuration for PBXNativeTarget "thenotch" */ = {
			isa = XCBuildConfiguration;
			buildSettings = {
				ASSETCATALOG_COMPILER_APPICON_NAME = AppIcon;
				ASSETCATALOG_COMPILER_GLOBAL_ACCENT_COLOR_NAME = AccentColor;
				AUTOMATION_APPLE_EVENTS = YES;
				CODE_SIGN_STYLE = Automatic;
				COMBINE_HIDPI_IMAGES = YES;
				CURRENT_PROJECT_VERSION = 4;
				DEVELOPMENT_TEAM = K7ZAN9HJC9;
				ENABLE_APP_SANDBOX = NO;
				ENABLE_HARDENED_RUNTIME = YES;
				ENABLE_PREVIEWS = YES;
				GENERATE_INFOPLIST_FILE = YES;
				INFOPLIST_FILE = Config/Info.plist;
				INFOPLIST_KEY_LSUIElement = YES;
				INFOPLIST_KEY_NSAppleEventsUsageDescription = "thenotch controls Spotify and Music playback and reads the current track from the island.";
				INFOPLIST_KEY_NSHumanReadableCopyright = "© 2026 Nguyễn Đình Đức. MIT License.";
				LD_RUNPATH_SEARCH_PATHS = (
					"$(inherited)",
					"@executable_path/../Frameworks",
				);
				MACOSX_DEPLOYMENT_TARGET = "$(RECOMMENDED_MACOSX_DEPLOYMENT_TARGET)";
				MARKETING_VERSION = 0.3.1;
				PRODUCT_BUNDLE_IDENTIFIER = me.kitkas1412.thenotch;
				PRODUCT_NAME = "$(TARGET_NAME)";
				REGISTER_APP_GROUPS = YES;
				STRING_CATALOG_GENERATE_SYMBOLS = YES;
				SWIFT_APPROACHABLE_CONCURRENCY = NO;
				SWIFT_DEFAULT_ACTOR_ISOLATION = nonisolated;
				SWIFT_EMIT_LOC_STRINGS = YES;
				SWIFT_UPCOMING_FEATURE_MEMBER_IMPORT_VISIBILITY = YES;
				SWIFT_VERSION = 5.0;
			};
			name = Debug;
		};
		82D9C2E43070FD7A00BBCA71 /* Release configuration for PBXNativeTarget "thenotch" */ = {
			isa = XCBuildConfiguration;
			buildSettings = {
				ASSETCATALOG_COMPILER_APPICON_NAME = AppIcon;
				ASSETCATALOG_COMPILER_GLOBAL_ACCENT_COLOR_NAME = AccentColor;
				AUTOMATION_APPLE_EVENTS = YES;
				CODE_SIGN_STYLE = Automatic;
				COMBINE_HIDPI_IMAGES = YES;
				CURRENT_PROJECT_VERSION = 4;
				DEVELOPMENT_TEAM = K7ZAN9HJC9;
				ENABLE_APP_SANDBOX = NO;
				ENABLE_HARDENED_RUNTIME = YES;
				ENABLE_PREVIEWS = YES;
				GENERATE_INFOPLIST_FILE = YES;
				INFOPLIST_FILE = Config/Info.plist;
				INFOPLIST_KEY_LSUIElement = YES;
				INFOPLIST_KEY_NSAppleEventsUsageDescription = "thenotch controls Spotify and Music playback and reads the current track from the island.";
				INFOPLIST_KEY_NSHumanReadableCopyright = "© 2026 Nguyễn Đình Đức. MIT License.";
				LD_RUNPATH_SEARCH_PATHS = (
					"$(inherited)",
					"@executable_path/../Frameworks",
				);
				MACOSX_DEPLOYMENT_TARGET = "$(RECOMMENDED_MACOSX_DEPLOYMENT_TARGET)";
				MARKETING_VERSION = 0.3.1;
				PRODUCT_BUNDLE_IDENTIFIER = me.kitkas1412.thenotch;
				PRODUCT_NAME = "$(TARGET_NAME)";
				REGISTER_APP_GROUPS = YES;
				STRING_CATALOG_GENERATE_SYMBOLS = YES;
				SWIFT_APPROACHABLE_CONCURRENCY = NO;
				SWIFT_DEFAULT_ACTOR_ISOLATION = nonisolated;
				SWIFT_EMIT_LOC_STRINGS = YES;
				SWIFT_UPCOMING_FEATURE_MEMBER_IMPORT_VISIBILITY = YES;
				SWIFT_VERSION = 5.0;
			};
			name = Release;
		};
		82D9C2F93070FD7A00BBCA71 /* Debug configuration for PBXNativeTarget "thenotchTests" */ = {
			isa = XCBuildConfiguration;
			buildSettings = {
				BUNDLE_LOADER = "$(TEST_HOST)";
				CODE_SIGN_STYLE = Automatic;
				CURRENT_PROJECT_VERSION = 4;
				DEVELOPMENT_TEAM = K7ZAN9HJC9;
				GENERATE_INFOPLIST_FILE = YES;
				MACOSX_DEPLOYMENT_TARGET = "$(RECOMMENDED_MACOSX_DEPLOYMENT_TARGET)";
				MARKETING_VERSION = 0.3.1;
				PRODUCT_BUNDLE_IDENTIFIER = me.kitkas1412.thenotchTests;
				PRODUCT_NAME = "$(TARGET_NAME)";
				STRING_CATALOG_GENERATE_SYMBOLS = NO;
				SWIFT_APPROACHABLE_CONCURRENCY = NO;
				SWIFT_DEFAULT_ACTOR_ISOLATION = nonisolated;
				SWIFT_EMIT_LOC_STRINGS = NO;
				SWIFT_UPCOMING_FEATURE_MEMBER_IMPORT_VISIBILITY = YES;
				SWIFT_VERSION = 5.0;
				TEST_HOST = "$(BUILT_PRODUCTS_DIR)/thenotch.app/$(BUNDLE_EXECUTABLE_FOLDER_PATH)/thenotch";
			};
			name = Debug;
		};
		82D9C2FA3070FD7A00BBCA71 /* Release configuration for PBXNativeTarget "thenotchTests" */ = {
			isa = XCBuildConfiguration;
			buildSettings = {
				BUNDLE_LOADER = "$(TEST_HOST)";
				CODE_SIGN_STYLE = Automatic;
				CURRENT_PROJECT_VERSION = 4;
				DEVELOPMENT_TEAM = K7ZAN9HJC9;
				GENERATE_INFOPLIST_FILE = YES;
				MACOSX_DEPLOYMENT_TARGET = "$(RECOMMENDED_MACOSX_DEPLOYMENT_TARGET)";
				MARKETING_VERSION = 0.3.1;
				PRODUCT_BUNDLE_IDENTIFIER = me.kitkas1412.thenotchTests;
				PRODUCT_NAME = "$(TARGET_NAME)";
				STRING_CATALOG_GENERATE_SYMBOLS = NO;
				SWIFT_APPROACHABLE_CONCURRENCY = NO;
				SWIFT_DEFAULT_ACTOR_ISOLATION = nonisolated;
				SWIFT_EMIT_LOC_STRINGS = NO;
				SWIFT_UPCOMING_FEATURE_MEMBER_IMPORT_VISIBILITY = YES;
				SWIFT_VERSION = 5.0;
				TEST_HOST = "$(BUILT_PRODUCTS_DIR)/thenotch.app/$(BUNDLE_EXECUTABLE_FOLDER_PATH)/thenotch";
			};
			name = Release;
		};
/* End XCBuildConfiguration section */

/* Begin XCConfigurationList section */
		82D9C2D23070FD7A00BBCA71 /* Build configuration list for PBXProject "thenotch" */ = {
			isa = XCConfigurationList;
			buildConfigurations = (
				82D9C2E03070FD7A00BBCA71 /* Debug configuration for PBXProject "thenotch" */,
				82D9C2E13070FD7A00BBCA71 /* Release configuration for PBXProject "thenotch" */,
			);
			defaultConfigurationName = Release;
		};
		82D9C2E23070FD7A00BBCA71 /* Build configuration list for PBXNativeTarget "thenotch" */ = {
			isa = XCConfigurationList;
			buildConfigurations = (
				82D9C2E33070FD7A00BBCA71 /* Debug configuration for PBXNativeTarget "thenotch" */,
				82D9C2E43070FD7A00BBCA71 /* Release configuration for PBXNativeTarget "thenotch" */,
			);
			defaultConfigurationName = Release;
		};
		82D9C2FB3070FD7A00BBCA71 /* Build configuration list for PBXNativeTarget "thenotchTests" */ = {
			isa = XCConfigurationList;
			buildConfigurations = (
				82D9C2F93070FD7A00BBCA71 /* Debug configuration for PBXNativeTarget "thenotchTests" */,
				82D9C2FA3070FD7A00BBCA71 /* Release configuration for PBXNativeTarget "thenotchTests" */,
			);
			defaultConfigurationName = Release;
		};
/* End XCConfigurationList section */

/* Begin XCRemoteSwiftPackageReference section */
		82D9C3A33070FD7A00BBCA71 /* XCRemoteSwiftPackageReference "Sparkle" */ = {
			isa = XCRemoteSwiftPackageReference;
			repositoryURL = "https://github.com/sparkle-project/Sparkle";
			requirement = {
				kind = upToNextMajorVersion;
				minimumVersion = 2.10.0;
			};
		};
/* End XCRemoteSwiftPackageReference section */

/* Begin XCSwiftPackageProductDependency section */
		82D9C3A23070FD7A00BBCA71 /* Sparkle */ = {
			isa = XCSwiftPackageProductDependency;
			package = 82D9C3A33070FD7A00BBCA71 /* XCRemoteSwiftPackageReference "Sparkle" */;
			productName = Sparkle;
		};
/* End XCSwiftPackageProductDependency section */
	};
	rootObject = 82D9C2CF3070FD7A00BBCA71 /* Project object */;
	validationLevel = 1;
}
